
Microsoft Visual Studio Solution File, Format Version 12.00
# Visual Studio Version 16
VisualStudioVersion = 16.0.30114.105
MinimumVisualStudioVersion = 10.0.40219.1
Project("{FAE04EC0-301F-11D3-BF4B-00C04F79EFBC}") = "ByteBank", "ByteBank\ByteBank.csproj", "{22BA1AF6-1100-453D-B3E1-F91A3E2E906E}"
EndProject
Project("{FAE04EC0-301F-11D3-BF4B-00C04F79EFBC}") = "ByteBankAdmin", "ByteBankAdmin\ByteBankAdmin.csproj", "{EB5FCE96-DE28-4C97-913F-370DA46E6C9B}"
EndProject
Global
	GlobalSection(SolutionConfigurationPlatforms) = preSolution
		Debug|Any CPU = Debug|Any CPU
		Release|Any CPU = Release|Any CPU
	EndGlobalSection
	GlobalSection(SolutionProperties) = preSolution
		HideSolutionNode = FALSE
	EndGlobalSection
	GlobalSection(ProjectConfigurationPlatforms) = postSolution
		{22BA1AF6-1100-453D-B3E1-F91A3E2E906E}.Debug|Any CPU.ActiveCfg = Debug|Any CPU
		{22BA1AF6-1100-453D-B3E1-F91A3E2E906E}.Debug|Any CPU.Build.0 = Debug|Any CPU
		{22BA1AF6-1100-453D-B3E1-F91A3E2E906E}.Release|Any CPU.ActiveCfg = Release|Any CPU
		{22BA1AF6-1100-453D-B3E1-F91A3E2E906E}.Release|Any CPU.Build.0 = Release|Any CPU
		{EB5FCE96-DE28-4C97-913F-370DA46E6C9B}.Debug|Any CPU.ActiveCfg = Debug|Any CPU
		{EB5FCE96-DE28-4C97-913F-370DA46E6C9B}.Debug|Any CPU.Build.0 = Debug|Any CPU
		{EB5FCE96-DE28-4C97-913F-370DA46E6C9B}.Release|Any CPU.ActiveCfg = Release|Any CPU
		{EB5FCE96-DE28-4C97-913F-370DA46E6C9B}.Release|Any CPU.Build.0 = Release|Any CPU
	EndGlobalSection
EndGlobal
